// !$*UTF8*$!
{
	archiveVersion = 1;
	classes = {
	};
	objectVersion = 55;
	objects = {

/* Begin PBXBuildFile section */
		4541CA2227B839DE00097179 /* AppDelegate.swift in Sources */ = {isa = PBXBuildFile; fileRef = 4541CA2127B839DE00097179 /* AppDelegate.swift */; };
		4541CA2B27B839E100097179 /* Assets.xcassets in Resources */ = {isa = PBXBuildFile; fileRef = 4541CA2A27B839E100097179 /* Assets.xcassets */; };
		4541CA2E27B839E100097179 /* LaunchScreen.storyboard in Resources */ = {isa = PBXBuildFile; fileRef = 4541CA2C27B839E100097179 /* LaunchScreen.storyboard */; };
		4541CA3B27B83B6A00097179 /* FeedPresenter.swift in Sources */ = {isa = PBXBuildFile; fileRef = 4541CA3527B83B6A00097179 /* FeedPresenter.swift */; };
		4541CA3C27B83B6A00097179 /* FeedRouter.swift in Sources */ = {isa = PBXBuildFile; fileRef = 4541CA3627B83B6A00097179 /* FeedRouter.swift */; };
		4541CA3D27B83B6A00097179 /* FeedViewController.swift in Sources */ = {isa = PBXBuildFile; fileRef = 4541CA3727B83B6A00097179 /* FeedViewController.swift */; };
		4541CA3E27B83B6A00097179 /* FeedProtocols.swift in Sources */ = {isa = PBXBuildFile; fileRef = 4541CA3827B83B6A00097179 /* FeedProtocols.swift */; };
		4541CA3F27B83B6A00097179 /* FeedInteractor.swift in Sources */ = {isa = PBXBuildFile; fileRef = 4541CA3927B83B6A00097179 /* FeedInteractor.swift */; };
		4541CA4027B83B6A00097179 /* FeedContainer.swift in Sources */ = {isa = PBXBuildFile; fileRef = 4541CA3A27B83B6A00097179 /* FeedContainer.swift */; };
		4541CA4827B84A5C00097179 /* ReuseIdentifier.swift in Sources */ = {isa = PBXBuildFile; fileRef = 4541CA4727B84A5C00097179 /* ReuseIdentifier.swift */; };
		4541CA4B27B8508F00097179 /* FeedViewCell.swift in Sources */ = {isa = PBXBuildFile; fileRef = 4541CA4A27B8508F00097179 /* FeedViewCell.swift */; };
		4541CA4D27B8523200097179 /* FeedCardView.swift in Sources */ = {isa = PBXBuildFile; fileRef = 4541CA4C27B8523200097179 /* FeedCardView.swift */; };
		4541CA5027B8531C00097179 /* FeedCardViewModel.swift in Sources */ = {isa = PBXBuildFile; fileRef = 4541CA4F27B8531C00097179 /* FeedCardViewModel.swift */; };
		45A82E4627B93C62006F649C /* Font.swift in Sources */ = {isa = PBXBuildFile; fileRef = 45A82E4527B93C62006F649C /* Font.swift */; };
		45A82E4827B93CD2006F649C /* Styles.swift in Sources */ = {isa = PBXBuildFile; fileRef = 45A82E4727B93CD2006F649C /* Styles.swift */; };
		45A82E4B27B93D03006F649C /* UIColor.swift in Sources */ = {isa = PBXBuildFile; fileRef = 45A82E4A27B93D03006F649C /* UIColor.swift */; };
		45A82E4D27B96819006F649C /* AppCoordinator.swift in Sources */ = {isa = PBXBuildFile; fileRef = 45A82E4C27B96819006F649C /* AppCoordinator.swift */; };
		45A82E5027B9863D006F649C /* Localization.swift in Sources */ = {isa = PBXBuildFile; fileRef = 45A82E4F27B9863D006F649C /* Localization.swift */; };
		45A82E5327B98A88006F649C /* NetworkService.swift in Sources */ = {isa = PBXBuildFile; fileRef = 45A82E5227B98A88006F649C /* NetworkService.swift */; };
		45A82E5527B99154006F649C /* NetworkServiceProtocols.swift in Sources */ = {isa = PBXBuildFile; fileRef = 45A82E5427B99154006F649C /* NetworkServiceProtocols.swift */; };
		45A82E5727B99228006F649C /* NetworkService+Articles.swift in Sources */ = {isa = PBXBuildFile; fileRef = 45A82E5627B99228006F649C /* NetworkService+Articles.swift */; };
		45A82E5927B9924F006F649C /* URLFactory.swift in Sources */ = {isa = PBXBuildFile; fileRef = 45A82E5827B9924F006F649C /* URLFactory.swift */; };
		45A82E5B27B998D8006F649C /* AppDependency.swift in Sources */ = {isa = PBXBuildFile; fileRef = 45A82E5A27B998D8006F649C /* AppDependency.swift */; };
/* End PBXBuildFile section */

/* Begin PBXFileReference section */
		4541CA1E27B839DE00097179 /* newzzie.app */ = {isa = PBXFileReference; explicitFileType = wrapper.application; includeInIndex = 0; path = newzzie.app; sourceTree = BUILT_PRODUCTS_DIR; };
		4541CA2127B839DE00097179 /* AppDelegate.swift */ = {isa = PBXFileReference; lastKnownFileType = sourcecode.swift; path = AppDelegate.swift; sourceTree = "<group>"; };
		4541CA2A27B839E100097179 /* Assets.xcassets */ = {isa = PBXFileReference; lastKnownFileType = folder.assetcatalog; path = Assets.xcassets; sourceTree = "<group>"; };
		4541CA2D27B839E100097179 /* Base */ = {isa = PBXFileReference; lastKnownFileType = file.storyboard; name = Base; path = Base.lproj/LaunchScreen.storyboard; sourceTree = "<group>"; };
		4541CA2F27B839E100097179 /* Info.plist */ = {isa = PBXFileReference; lastKnownFileType = text.plist.xml; path = Info.plist; sourceTree = "<group>"; };
		4541CA3527B83B6A00097179 /* FeedPresenter.swift */ = {isa = PBXFileReference; lastKnownFileType = sourcecode.swift; path = FeedPresenter.swift; sourceTree = "<group>"; };
		4541CA3627B83B6A00097179 /* FeedRouter.swift */ = {isa = PBXFileReference; lastKnownFileType = sourcecode.swift; path = FeedRouter.swift; sourceTree = "<group>"; };
		4541CA3727B83B6A00097179 /* FeedViewController.swift */ = {isa = PBXFileReference; lastKnownFileType = sourcecode.swift; path = FeedViewController.swift; sourceTree = "<group>"; };
		4541CA3827B83B6A00097179 /* FeedProtocols.swift */ = {isa = PBXFileReference; lastKnownFileType = sourcecode.swift; path = FeedProtocols.swift; sourceTree = "<group>"; };
		4541CA3927B83B6A00097179 /* FeedInteractor.swift */ = {isa = PBXFileReference; lastKnownFileType = sourcecode.swift; path = FeedInteractor.swift; sourceTree = "<group>"; };
		4541CA3A27B83B6A00097179 /* FeedContainer.swift */ = {isa = PBXFileReference; lastKnownFileType = sourcecode.swift; path = FeedContainer.swift; sourceTree = "<group>"; };
		4541CA4727B84A5C00097179 /* ReuseIdentifier.swift */ = {isa = PBXFileReference; lastKnownFileType = sourcecode.swift; path = ReuseIdentifier.swift; sourceTree = "<group>"; };
		4541CA4A27B8508F00097179 /* FeedViewCell.swift */ = {isa = PBXFileReference; lastKnownFileType = sourcecode.swift; path = FeedViewCell.swift; sourceTree = "<group>"; };
		4541CA4C27B8523200097179 /* FeedCardView.swift */ = {isa = PBXFileReference; lastKnownFileType = sourcecode.swift; path = FeedCardView.swift; sourceTree = "<group>"; };
		4541CA4F27B8531C00097179 /* FeedCardViewModel.swift */ = {isa = PBXFileReference; lastKnownFileType = sourcecode.swift; path = FeedCardViewModel.swift; sourceTree = "<group>"; };
		45A82E4527B93C62006F649C /* Font.swift */ = {isa = PBXFileReference; lastKnownFileType = sourcecode.swift; path = Font.swift; sourceTree = "<group>"; };
		45A82E4727B93CD2006F649C /* Styles.swift */ = {isa = PBXFileReference; lastKnownFileType = sourcecode.swift; path = Styles.swift; sourceTree = "<group>"; };
		45A82E4A27B93D03006F649C /* UIColor.swift */ = {isa = PBXFileReference; lastKnownFileType = sourcecode.swift; path = UIColor.swift; sourceTree = "<group>"; };
		45A82E4C27B96819006F649C /* AppCoordinator.swift */ = {isa = PBXFileReference; lastKnownFileType = sourcecode.swift; path = AppCoordinator.swift; sourceTree = "<group>"; };
		45A82E4F27B9863D006F649C /* Localization.swift */ = {isa = PBXFileReference; lastKnownFileType = sourcecode.swift; path = Localization.swift; sourceTree = "<group>"; };
		45A82E5227B98A88006F649C /* NetworkService.swift */ = {isa = PBXFileReference; lastKnownFileType = sourcecode.swift; path = NetworkService.swift; sourceTree = "<group>"; };
		45A82E5427B99154006F649C /* NetworkServiceProtocols.swift */ = {isa = PBXFileReference; lastKnownFileType = sourcecode.swift; path = NetworkServiceProtocols.swift; sourceTree = "<group>"; };
		45A82E5627B99228006F649C /* NetworkService+Articles.swift */ = {isa = PBXFileReference; lastKnownFileType = sourcecode.swift; path = "NetworkService+Articles.swift"; sourceTree = "<group>"; };
		45A82E5827B9924F006F649C /* URLFactory.swift */ = {isa = PBXFileReference; lastKnownFileType = sourcecode.swift; path = URLFactory.swift; sourceTree = "<group>"; };
		45A82E5A27B998D8006F649C /* AppDependency.swift */ = {isa = PBXFileReference; lastKnownFileType = sourcecode.swift; path = AppDependency.swift; sourceTree = "<group>"; };
/* End PBXFileReference section */

/* Begin PBXFrameworksBuildPhase section */
		4541CA1B27B839DE00097179 /* Frameworks */ = {
			isa = PBXFrameworksBuildPhase;
			buildActionMask = 2147483647;
			files = (
			);
			runOnlyForDeploymentPostprocessing = 0;
		};
/* End PBXFrameworksBuildPhase section */

/* Begin PBXGroup section */
		4541CA1527B839DE00097179 = {
			isa = PBXGroup;
			children = (
				4541CA2027B839DE00097179 /* newzzie */,
				4541CA1F27B839DE00097179 /* Products */,
			);
			sourceTree = "<group>";
		};
		4541CA1F27B839DE00097179 /* Products */ = {
			isa = PBXGroup;
			children = (
				4541CA1E27B839DE00097179 /* newzzie.app */,
			);
			name = Products;
			sourceTree = "<group>";
		};
		4541CA2027B839DE00097179 /* newzzie */ = {
			isa = PBXGroup;
			children = (
				45A82E5127B98A67006F649C /* Network */,
				45A82E4927B93CF3006F649C /* Extensions */,
				4541CA4527B84A3900097179 /* Helper */,
				4541CA4227B83BB700097179 /* App */,
				4541CA4427B8419A00097179 /* Modules */,
				4541CA4327B83BBF00097179 /* Resources */,
			);
			path = newzzie;
			sourceTree = "<group>";
		};
		4541CA4127B83B7100097179 /* Feed */ = {
			isa = PBXGroup;
			children = (
				4541CA4E27B8530D00097179 /* ViewModels */,
				4541CA4927B8508100097179 /* Views */,
				4541CA3527B83B6A00097179 /* FeedPresenter.swift */,
				4541CA3627B83B6A00097179 /* FeedRouter.swift */,
				4541CA3727B83B6A00097179 /* FeedViewController.swift */,
				4541CA3827B83B6A00097179 /* FeedProtocols.swift */,
				4541CA3927B83B6A00097179 /* FeedInteractor.swift */,
				4541CA3A27B83B6A00097179 /* FeedContainer.swift */,
			);
			path = Feed;
			sourceTree = "<group>";
		};
		4541CA4227B83BB700097179 /* App */ = {
			isa = PBXGroup;
			children = (
				4541CA2127B839DE00097179 /* AppDelegate.swift */,
			);
			path = App;
			sourceTree = "<group>";
		};
		4541CA4327B83BBF00097179 /* Resources */ = {
			isa = PBXGroup;
			children = (
				4541CA2A27B839E100097179 /* Assets.xcassets */,
				4541CA2C27B839E100097179 /* LaunchScreen.storyboard */,
				4541CA2F27B839E100097179 /* Info.plist */,
			);
			path = Resources;
			sourceTree = "<group>";
		};
		4541CA4427B8419A00097179 /* Modules */ = {
			isa = PBXGroup;
			children = (
				45A82E4C27B96819006F649C /* AppCoordinator.swift */,
				45A82E5A27B998D8006F649C /* AppDependency.swift */,
				4541CA4127B83B7100097179 /* Feed */,
			);
			path = Modules;
			sourceTree = "<group>";
		};
		4541CA4527B84A3900097179 /* Helper */ = {
			isa = PBXGroup;
			children = (
				4541CA4727B84A5C00097179 /* ReuseIdentifier.swift */,
				45A82E4527B93C62006F649C /* Font.swift */,
				45A82E4727B93CD2006F649C /* Styles.swift */,
				45A82E4F27B9863D006F649C /* Localization.swift */,
			);
			path = Helper;
			sourceTree = "<group>";
		};
		4541CA4927B8508100097179 /* Views */ = {
			isa = PBXGroup;
			children = (
				4541CA4A27B8508F00097179 /* FeedViewCell.swift */,
				4541CA4C27B8523200097179 /* FeedCardView.swift */,
			);
			path = Views;
			sourceTree = "<group>";
		};
		4541CA4E27B8530D00097179 /* ViewModels */ = {
			isa = PBXGroup;
			children = (
				4541CA4F27B8531C00097179 /* FeedCardViewModel.swift */,
			);
			path = ViewModels;
			sourceTree = "<group>";
		};
		45A82E4927B93CF3006F649C /* Extensions */ = {
			isa = PBXGroup;
			children = (
				45A82E4A27B93D03006F649C /* UIColor.swift */,
			);
			path = Extensions;
			sourceTree = "<group>";
		};
		45A82E5127B98A67006F649C /* Network */ = {
			isa = PBXGroup;
			children = (
				45A82E5227B98A88006F649C /* NetworkService.swift */,
				45A82E5427B99154006F649C /* NetworkServiceProtocols.swift */,
				45A82E5627B99228006F649C /* NetworkService+Articles.swift */,
				45A82E5827B9924F006F649C /* URLFactory.swift */,
			);
			path = Network;
			sourceTree = "<group>";
		};
/* End PBXGroup section */

/* Begin PBXNativeTarget section */
		4541CA1D27B839DE00097179 /* newzzie */ = {
			isa = PBXNativeTarget;
			buildConfigurationList = 4541CA3227B839E100097179 /* Build configuration list for PBXNativeTarget "newzzie" */;
			buildPhases = (
				4541CA1A27B839DE00097179 /* Sources */,
				4541CA1B27B839DE00097179 /* Frameworks */,
				4541CA1C27B839DE00097179 /* Resources */,
			);
			buildRules = (
			);
			dependencies = (
			);
			name = newzzie;
			productName = newzzie;
			productReference = 4541CA1E27B839DE00097179 /* newzzie.app */;
			productType = "com.apple.product-type.application";
		};
/* End PBXNativeTarget section */

/* Begin PBXProject section */
		4541CA1627B839DE00097179 /* Project object */ = {
			isa = PBXProject;
			attributes = {
				BuildIndependentTargetsInParallel = 1;
				LastSwiftUpdateCheck = 1300;
				LastUpgradeCheck = 1300;
				TargetAttributes = {
					4541CA1D27B839DE00097179 = {
						CreatedOnToolsVersion = 13.0;
					};
				};
			};
			buildConfigurationList = 4541CA1927B839DE00097179 /* Build configuration list for PBXProject "newzzie" */;
			compatibilityVersion = "Xcode 13.0";
			developmentRegion = en;
			hasScannedForEncodings = 0;
			knownRegions = (
				en,
				Base,
			);
			mainGroup = 4541CA1527B839DE00097179;
			productRefGroup = 4541CA1F27B839DE00097179 /* Products */;
			projectDirPath = "";
			projectRoot = "";
			targets = (
				4541CA1D27B839DE00097179 /* newzzie */,
			);
		};
/* End PBXProject section */

/* Begin PBXResourcesBuildPhase section */
		4541CA1C27B839DE00097179 /* Resources */ = {
			isa = PBXResourcesBuildPhase;
			buildActionMask = 2147483647;
			files = (
				4541CA2E27B839E100097179 /* LaunchScreen.storyboard in Resources */,
				4541CA2B27B839E100097179 /* Assets.xcassets in Resources */,
			);
			runOnlyForDeploymentPostprocessing = 0;
		};
/* End PBXResourcesBuildPhase section */

/* Begin PBXSourcesBuildPhase section */
		4541CA1A27B839DE00097179 /* Sources */ = {
			isa = PBXSourcesBuildPhase;
			buildActionMask = 2147483647;
			files = (
				45A82E5527B99154006F649C /* NetworkServiceProtocols.swift in Sources */,
				4541CA3C27B83B6A00097179 /* FeedRouter.swift in Sources */,
				45A82E4B27B93D03006F649C /* UIColor.swift in Sources */,
				4541CA4D27B8523200097179 /* FeedCardView.swift in Sources */,
				45A82E4827B93CD2006F649C /* Styles.swift in Sources */,
				4541CA3D27B83B6A00097179 /* FeedViewController.swift in Sources */,
				45A82E5B27B998D8006F649C /* AppDependency.swift in Sources */,
				45A82E5927B9924F006F649C /* URLFactory.swift in Sources */,
				45A82E5327B98A88006F649C /* NetworkService.swift in Sources */,
				4541CA3F27B83B6A00097179 /* FeedInteractor.swift in Sources */,
				45A82E5027B9863D006F649C /* Localization.swift in Sources */,
				4541CA3E27B83B6A00097179 /* FeedProtocols.swift in Sources */,
				4541CA4027B83B6A00097179 /* FeedContainer.swift in Sources */,
				4541CA4B27B8508F00097179 /* FeedViewCell.swift in Sources */,
				4541CA3B27B83B6A00097179 /* FeedPresenter.swift in Sources */,
				45A82E4627B93C62006F649C /* Font.swift in Sources */,
				4541CA2227B839DE00097179 /* AppDelegate.swift in Sources */,
				45A82E4D27B96819006F649C /* AppCoordinator.swift in Sources */,
				4541CA4827B84A5C00097179 /* ReuseIdentifier.swift in Sources */,
				45A82E5727B99228006F649C /* NetworkService+Articles.swift in Sources */,
				4541CA5027B8531C00097179 /* FeedCardViewModel.swift in Sources */,
			);
			runOnlyForDeploymentPostprocessing = 0;
		};
/* End PBXSourcesBuildPhase section */

/* Begin PBXVariantGroup section */
		4541CA2C27B839E100097179 /* LaunchScreen.storyboard */ = {
			isa = PBXVariantGroup;
			children = (
				4541CA2D27B839E100097179 /* Base */,
			);
			name = LaunchScreen.storyboard;
			sourceTree = "<group>";
		};
/* End PBXVariantGroup section */

/* Begin XCBuildConfiguration section */
		4541CA3027B839E100097179 /* Debug */ = {
			isa = XCBuildConfiguration;
			buildSettings = {
				ALWAYS_SEARCH_USER_PATHS = NO;
				CLANG_ANALYZER_NONNULL = YES;
				CLANG_ANALYZER_NUMBER_OBJECT_CONVERSION = YES_AGGRESSIVE;
				CLANG_CXX_LANGUAGE_STANDARD = "gnu++17";
				CLANG_CXX_LIBRARY = "libc++";
				CLANG_ENABLE_MODULES = YES;
				CLANG_ENABLE_OBJC_ARC = YES;
				CLANG_ENABLE_OBJC_WEAK = YES;
				CLANG_WARN_BLOCK_CAPTURE_AUTORELEASING = YES;
				CLANG_WARN_BOOL_CONVERSION = YES;
				CLANG_WARN_COMMA = YES;
				CLANG_WARN_CONSTANT_CONVERSION = YES;
				CLANG_WARN_DEPRECATED_OBJC_IMPLEMENTATIONS = YES;
				CLANG_WARN_DIRECT_OBJC_ISA_USAGE = YES_ERROR;
				CLANG_WARN_DOCUMENTATION_COMMENTS = YES;
				CLANG_WARN_EMPTY_BODY = YES;
				CLANG_WARN_ENUM_CONVERSION = YES;
				CLANG_WARN_INFINITE_RECURSION = YES;
				CLANG_WARN_INT_CONVERSION = YES;
				CLANG_WARN_NON_LITERAL_NULL_CONVERSION = YES;
				CLANG_WARN_OBJC_IMPLICIT_RETAIN_SELF = YES;
				CLANG_WARN_OBJC_LITERAL_CONVERSION = YES;
				CLANG_WARN_OBJC_ROOT_CLASS = YES_ERROR;
				CLANG_WARN_QUOTED_INCLUDE_IN_FRAMEWORK_HEADER = YES;
				CLANG_WARN_RANGE_LOOP_ANALYSIS = YES;
				CLANG_WARN_STRICT_PROTOTYPES = YES;
				CLANG_WARN_SUSPICIOUS_MOVE = YES;
				CLANG_WARN_UNGUARDED_AVAILABILITY = YES_AGGRESSIVE;
				CLANG_WARN_UNREACHABLE_CODE = YES;
				CLANG_WARN__DUPLICATE_METHOD_MATCH = YES;
				COPY_PHASE_STRIP = NO;
				DEBUG_INFORMATION_FORMAT = dwarf;
				ENABLE_STRICT_OBJC_MSGSEND = YES;
				ENABLE_TESTABILITY = YES;
				GCC_C_LANGUAGE_STANDARD = gnu11;
				GCC_DYNAMIC_NO_PIC = NO;
				GCC_NO_COMMON_BLOCKS = YES;
				GCC_OPTIMIZATION_LEVEL = 0;
				GCC_PREPROCESSOR_DEFINITIONS = (
					"DEBUG=1",
					"$(inherited)",
				);
				GCC_WARN_64_TO_32_BIT_CONVERSION = YES;
				GCC_WARN_ABOUT_RETURN_TYPE = YES_ERROR;
				GCC_WARN_UNDECLARED_SELECTOR = YES;
				GCC_WARN_UNINITIALIZED_AUTOS = YES_AGGRESSIVE;
				GCC_WARN_UNUSED_FUNCTION = YES;
				GCC_WARN_UNUSED_VARIABLE = YES;
				IPHONEOS_DEPLOYMENT_TARGET = 12.0;
				MTL_ENABLE_DEBUG_INFO = INCLUDE_SOURCE;
				MTL_FAST_MATH = YES;
				ONLY_ACTIVE_ARCH = YES;
				SDKROOT = iphoneos;
				SWIFT_ACTIVE_COMPILATION_CONDITIONS = DEBUG;
				SWIFT_OPTIMIZATION_LEVEL = "-Onone";
			};
			name = Debug;
		};
		4541CA3127B839E100097179 /* Release */ = {
			isa = XCBuildConfiguration;
			buildSettings = {
				ALWAYS_SEARCH_USER_PATHS = NO;
				CLANG_ANALYZER_NONNULL = YES;
				CLANG_ANALYZER_NUMBER_OBJECT_CONVERSION = YES_AGGRESSIVE;
				CLANG_CXX_LANGUAGE_STANDARD = "gnu++17";
				CLANG_CXX_LIBRARY = "libc++";
				CLANG_ENABLE_MODULES = YES;
				CLANG_ENABLE_OBJC_ARC = YES;
				CLANG_ENABLE_OBJC_WEAK = YES;
				CLANG_WARN_BLOCK_CAPTURE_AUTORELEASING = YES;
				CLANG_WARN_BOOL_CONVERSION = YES;
				CLANG_WARN_COMMA = YES;
				CLANG_WARN_CONSTANT_CONVERSION = YES;
				CLANG_WARN_DEPRECATED_OBJC_IMPLEMENTATIONS = YES;
				CLANG_WARN_DIRECT_OBJC_ISA_USAGE = YES_ERROR;
				CLANG_WARN_DOCUMENTATION_COMMENTS = YES;
				CLANG_WARN_EMPTY_BODY = YES;
				CLANG_WARN_ENUM_CONVERSION = YES;
				CLANG_WARN_INFINITE_RECURSION = YES;
				CLANG_WARN_INT_CONVERSION = YES;
				CLANG_WARN_NON_LITERAL_NULL_CONVERSION = YES;
				CLANG_WARN_OBJC_IMPLICIT_RETAIN_SELF = YES;
				CLANG_WARN_OBJC_LITERAL_CONVERSION = YES;
				CLANG_WARN_OBJC_ROOT_CLASS = YES_ERROR;
				CLANG_WARN_QUOTED_INCLUDE_IN_FRAMEWORK_HEADER = YES;
				CLANG_WARN_RANGE_LOOP_ANALYSIS = YES;
				CLANG_WARN_STRICT_PROTOTYPES = YES;
				CLANG_WARN_SUSPICIOUS_MOVE = YES;
				CLANG_WARN_UNGUARDED_AVAILABILITY = YES_AGGRESSIVE;
				CLANG_WARN_UNREACHABLE_CODE = YES;
				CLANG_WARN__DUPLICATE_METHOD_MATCH = YES;
				COPY_PHASE_STRIP = NO;
				DEBUG_INFORMATION_FORMAT = "dwarf-with-dsym";
				ENABLE_NS_ASSERTIONS = NO;
				ENABLE_STRICT_OBJC_MSGSEND = YES;
				GCC_C_LANGUAGE_STANDARD = gnu11;
				GCC_NO_COMMON_BLOCKS = YES;
				GCC_WARN_64_TO_32_BIT_CONVERSION = YES;
				GCC_WARN_ABOUT_RETURN_TYPE = YES_ERROR;
				GCC_WARN_UNDECLARED_SELECTOR = YES;
				GCC_WARN_UNINITIALIZED_AUTOS = YES_AGGRESSIVE;
				GCC_WARN_UNUSED_FUNCTION = YES;
				GCC_WARN_UNUSED_VARIABLE = YES;
				IPHONEOS_DEPLOYMENT_TARGET = 12.0;
				MTL_ENABLE_DEBUG_INFO = NO;
				MTL_FAST_MATH = YES;
				SDKROOT = iphoneos;
				SWIFT_COMPILATION_MODE = wholemodule;
				SWIFT_OPTIMIZATION_LEVEL = "-O";
				VALIDATE_PRODUCT = YES;
			};
			name = Release;
		};
		4541CA3327B839E100097179 /* Debug */ = {
			isa = XCBuildConfiguration;
			buildSettings = {
				ASSETCATALOG_COMPILER_APPICON_NAME = AppIcon;
				ASSETCATALOG_COMPILER_GLOBAL_ACCENT_COLOR_NAME = AccentColor;
				CODE_SIGN_STYLE = Automatic;
				CURRENT_PROJECT_VERSION = 1;
				GENERATE_INFOPLIST_FILE = YES;
				INFOPLIST_FILE = newzzie/Resources/Info.plist;
				INFOPLIST_KEY_UIApplicationSupportsIndirectInputEvents = YES;
				INFOPLIST_KEY_UILaunchStoryboardName = LaunchScreen;
				INFOPLIST_KEY_UISupportedInterfaceOrientations = UIInterfaceOrientationPortrait;
				INFOPLIST_KEY_UISupportedInterfaceOrientations_iPad = "UIInterfaceOrientationPortrait UIInterfaceOrientationPortraitUpsideDown UIInterfaceOrientationLandscapeLeft UIInterfaceOrientationLandscapeRight";
				INFOPLIST_KEY_UISupportedInterfaceOrientations_iPhone = "UIInterfaceOrientationPortrait UIInterfaceOrientationLandscapeLeft UIInterfaceOrientationLandscapeRight";
				IPHONEOS_DEPLOYMENT_TARGET = 12.0;
				LD_RUNPATH_SEARCH_PATHS = (
					"$(inherited)",
					"@executable_path/Frameworks",
				);
				MARKETING_VERSION = 1.0;
				PRODUCT_BUNDLE_IDENTIFIER = com.borisbolsh.newzzie;
				PRODUCT_NAME = "$(TARGET_NAME)";
				SWIFT_EMIT_LOC_STRINGS = YES;
				SWIFT_VERSION = 5.0;
				TARGETED_DEVICE_FAMILY = 1;
			};
			name = Debug;
		};
		4541CA3427B839E100097179 /* Release */ = {
			isa = XCBuildConfiguration;
			buildSettings = {
				ASSETCATALOG_COMPILER_APPICON_NAME = AppIcon;
				ASSETCATALOG_COMPILER_GLOBAL_ACCENT_COLOR_NAME = AccentColor;
				CODE_SIGN_STYLE = Automatic;
				CURRENT_PROJECT_VERSION = 1;
				GENERATE_INFOPLIST_FILE = YES;
				INFOPLIST_FILE = newzzie/Resources/Info.plist;
				INFOPLIST_KEY_UIApplicationSupportsIndirectInputEvents = YES;
				INFOPLIST_KEY_UILaunchStoryboardName = LaunchScreen;
				INFOPLIST_KEY_UISupportedInterfaceOrientations = UIInterfaceOrientationPortrait;
				INFOPLIST_KEY_UISupportedInterfaceOrientations_iPad = "UIInterfaceOrientationPortrait UIInterfaceOrientationPortraitUpsideDown UIInterfaceOrientationLandscapeLeft UIInterfaceOrientationLandscapeRight";
				INFOPLIST_KEY_UISupportedInterfaceOrientations_iPhone = "UIInterfaceOrientationPortrait UIInterfaceOrientationLandscapeLeft UIInterfaceOrientationLandscapeRight";
				IPHONEOS_DEPLOYMENT_TARGET = 12.0;
				LD_RUNPATH_SEARCH_PATHS = (
					"$(inherited)",
					"@executable_path/Frameworks",
				);
				MARKETING_VERSION = 1.0;
				PRODUCT_BUNDLE_IDENTIFIER = com.borisbolsh.newzzie;
				PRODUCT_NAME = "$(TARGET_NAME)";
				SWIFT_EMIT_LOC_STRINGS = YES;
				SWIFT_VERSION = 5.0;
				TARGETED_DEVICE_FAMILY = 1;
			};
			name = Release;
		};
/* End XCBuildConfiguration section */

/* Begin XCConfigurationList section */
		4541CA1927B839DE00097179 /* Build configuration list for PBXProject "newzzie" */ = {
			isa = XCConfigurationList;
			buildConfigurations = (
				4541CA3027B839E100097179 /* Debug */,
				4541CA3127B839E100097179 /* Release */,
			);
			defaultConfigurationIsVisible = 0;
			defaultConfigurationName = Release;
		};
		4541CA3227B839E100097179 /* Build configuration list for PBXNativeTarget "newzzie" */ = {
			isa = XCConfigurationList;
			buildConfigurations = (
				4541CA3327B839E100097179 /* Debug */,
				4541CA3427B839E100097179 /* Release */,
			);
			defaultConfigurationIsVisible = 0;
			defaultConfigurationName = Release;
		};
/* End XCConfigurationList section */
	};
	rootObject = 4541CA1627B839DE00097179 /* Project object */;
}
